// !$*UTF8*$!
{
	archiveVersion = 1;
	classes = {
	};
	objectVersion = 50;
	objects = {

/* Begin PBXBuildFile section */
		0862100622FC030F0065315E /* AppDelegate.swift in Sources */ = {isa = PBXBuildFile; fileRef = 0862100522FC030F0065315E /* AppDelegate.swift */; };
		0862100822FC030F0065315E /* ViewController.swift in Sources */ = {isa = PBXBuildFile; fileRef = 0862100722FC030F0065315E /* ViewController.swift */; };
		0862100B22FC030F0065315E /* Main.storyboard in Resources */ = {isa = PBXBuildFile; fileRef = 0862100922FC030F0065315E /* Main.storyboard */; };
		0862100D22FC03100065315E /* Assets.xcassets in Resources */ = {isa = PBXBuildFile; fileRef = 0862100C22FC03100065315E /* Assets.xcassets */; };
		0862101022FC03100065315E /* LaunchScreen.storyboard in Resources */ = {isa = PBXBuildFile; fileRef = 0862100E22FC03100065315E /* LaunchScreen.storyboard */; };
		0862101B22FC03100065315E /* Git_ios2Tests.swift in Sources */ = {isa = PBXBuildFile; fileRef = 0862101A22FC03100065315E /* Git_ios2Tests.swift */; };
		0862102622FC03100065315E /* Git_ios2UITests.swift in Sources */ = {isa = PBXBuildFile; fileRef = 0862102522FC03100065315E /* Git_ios2UITests.swift */; };
/* End PBXBuildFile section */

/* Begin PBXContainerItemProxy section */
		0862101722FC03100065315E /* PBXContainerItemProxy */ = {
			isa = PBXContainerItemProxy;
			containerPortal = 08620FFA22FC030F0065315E /* Project object */;
			proxyType = 1;
			remoteGlobalIDString = 0862100122FC030F0065315E;
			remoteInfo = Git_ios2;
		};
		0862102222FC03100065315E /* PBXContainerItemProxy */ = {
			isa = PBXContainerItemProxy;
			containerPortal = 08620FFA22FC030F0065315E /* Project object */;
			proxyType = 1;
			remoteGlobalIDString = 0862100122FC030F0065315E;
			remoteInfo = Git_ios2;
		};
/* End PBXContainerItemProxy section */

/* Begin PBXFileReference section */
		0862100222FC030F0065315E /* Git_ios2.app */ = {isa = PBXFileReference; explicitFileType = wrapper.application; includeInIndex = 0; path = Git_ios2.app; sourceTree = BUILT_PRODUCTS_DIR; };
		0862100522FC030F0065315E /* AppDelegate.swift */ = {isa = PBXFileReference; lastKnownFileType = sourcecode.swift; path = AppDelegate.swift; sourceTree = "<group>"; };
		0862100722FC030F0065315E /* ViewController.swift */ = {isa = PBXFileReference; lastKnownFileType = sourcecode.swift; path = ViewController.swift; sourceTree = "<group>"; };
		0862100A22FC030F0065315E /* Base */ = {isa = PBXFileReference; lastKnownFileType = file.storyboard; name = Base; path = Base.lproj/Main.storyboard; sourceTree = "<group>"; };
		0862100C22FC03100065315E /* Assets.xcassets */ = {isa = PBXFileReference; lastKnownFileType = folder.assetcatalog; path = Assets.xcassets; sourceTree = "<group>"; };
		0862100F22FC03100065315E /* Base */ = {isa = PBXFileReference; lastKnownFileType = file.storyboard; name = Base; path = Base.lproj/LaunchScreen.storyboard; sourceTree = "<group>"; };
		0862101122FC03100065315E /* Info.plist */ = {isa = PBXFileReference; lastKnownFileType = text.plist.xml; path = Info.plist; sourceTree = "<group>"; };
		0862101622FC03100065315E /* Git_ios2Tests.xctest */ = {isa = PBXFileReference; explicitFileType = wrapper.cfbundle; includeInIndex = 0; path = Git_ios2Tests.xctest; sourceTree = BUILT_PRODUCTS_DIR; };
		0862101A22FC03100065315E /* Git_ios2Tests.swift */ = {isa = PBXFileReference; lastKnownFileType = sourcecode.swift; path = Git_ios2Tests.swift; sourceTree = "<group>"; };
		0862101C22FC03100065315E /* Info.plist */ = {isa = PBXFileReference; lastKnownFileType = text.plist.xml; path = Info.plist; sourceTree = "<group>"; };
		0862102122FC03100065315E /* Git_ios2UITests.xctest */ = {isa = PBXFileReference; explicitFileType = wrapper.cfbundle; includeInIndex = 0; path = Git_ios2UITests.xctest; sourceTree = BUILT_PRODUCTS_DIR; };
		0862102522FC03100065315E /* Git_ios2UITests.swift */ = {isa = PBXFileReference; lastKnownFileType = sourcecode.swift; path = Git_ios2UITests.swift; sourceTree = "<group>"; };
		0862102722FC03100065315E /* Info.plist */ = {isa = PBXFileReference; lastKnownFileType = text.plist.xml; path = Info.plist; sourceTree = "<group>"; };
/* End PBXFileReference section */

/* Begin PBXFrameworksBuildPhase section */
		08620FFF22FC030F0065315E /* Frameworks */ = {
			isa = PBXFrameworksBuildPhase;
			buildActionMask = 2147483647;
			files = (
			);
			runOnlyForDeploymentPostprocessing = 0;
		};
		0862101322FC03100065315E /* Frameworks */ = {
			isa = PBXFrameworksBuildPhase;
			buildActionMask = 2147483647;
			files = (
			);
			runOnlyForDeploymentPostprocessing = 0;
		};
		0862101E22FC03100065315E /* Frameworks */ = {
			isa = PBXFrameworksBuildPhase;
			buildActionMask = 2147483647;
			files = (
			);
			runOnlyForDeploymentPostprocessing = 0;
		};
/* End PBXFrameworksBuildPhase section */

/* Begin PBXGroup section */
		08620FF922FC030F0065315E = {
			isa = PBXGroup;
			children = (
				0862100422FC030F0065315E /* Git_ios2 */,
				0862101922FC03100065315E /* Git_ios2Tests */,
				0862102422FC03100065315E /* Git_ios2UITests */,
				0862100322FC030F0065315E /* Products */,
			);
			sourceTree = "<group>";
		};
		0862100322FC030F0065315E /* Products */ = {
			isa = PBXGroup;
			children = (
				0862100222FC030F0065315E /* Git_ios2.app */,
				0862101622FC03100065315E /* Git_ios2Tests.xctest */,
				0862102122FC03100065315E /* Git_ios2UITests.xctest */,
			);
			name = Products;
			sourceTree = "<group>";
		};
		0862100422FC030F0065315E /* Git_ios2 */ = {
			isa = PBXGroup;
			children = (
				0862100522FC030F0065315E /* AppDelegate.swift */,
				0862100722FC030F0065315E /* ViewController.swift */,
				0862100922FC030F0065315E /* Main.storyboard */,
				0862100C22FC03100065315E /* Assets.xcassets */,
				0862100E22FC03100065315E /* LaunchScreen.storyboard */,
				0862101122FC03100065315E /* Info.plist */,
			);
			path = Git_ios2;
			sourceTree = "<group>";
		};
		0862101922FC03100065315E /* Git_ios2Tests */ = {
			isa = PBXGroup;
			children = (
				0862101A22FC03100065315E /* Git_ios2Tests.swift */,
				0862101C22FC03100065315E /* Info.plist */,
			);
			path = Git_ios2Tests;
			sourceTree = "<group>";
		};
		0862102422FC03100065315E /* Git_ios2UITests */ = {
			isa = PBXGroup;
			children = (
				0862102522FC03100065315E /* Git_ios2UITests.swift */,
				0862102722FC03100065315E /* Info.plist */,
			);
			path = Git_ios2UITests;
			sourceTree = "<group>";
		};
/* End PBXGroup section */

/* Begin PBXNativeTarget section */
		0862100122FC030F0065315E /* Git_ios2 */ = {
			isa = PBXNativeTarget;
			buildConfigurationList = 0862102A22FC03100065315E /* Build configuration list for PBXNativeTarget "Git_ios2" */;
			buildPhases = (
				08620FFE22FC030F0065315E /* Sources */,
				08620FFF22FC030F0065315E /* Frameworks */,
				0862100022FC030F0065315E /* Resources */,
			);
			buildRules = (
			);
			dependencies = (
			);
			name = Git_ios2;
			productName = Git_ios2;
			productReference = 0862100222FC030F0065315E /* Git_ios2.app */;
			productType = "com.apple.product-type.application";
		};
		0862101522FC03100065315E /* Git_ios2Tests */ = {
			isa = PBXNativeTarget;
			buildConfigurationList = 0862102D22FC03100065315E /* Build configuration list for PBXNativeTarget "Git_ios2Tests" */;
			buildPhases = (
				0862101222FC03100065315E /* Sources */,
				0862101322FC03100065315E /* Frameworks */,
				0862101422FC03100065315E /* Resources */,
			);
			buildRules = (
			);
			dependencies = (
				0862101822FC03100065315E /* PBXTargetDependency */,
			);
			name = Git_ios2Tests;
			productName = Git_ios2Tests;
			productReference = 0862101622FC03100065315E /* Git_ios2Tests.xctest */;
			productType = "com.apple.product-type.bundle.unit-test";
		};
		0862102022FC03100065315E /* Git_ios2UITests */ = {
			isa = PBXNativeTarget;
			buildConfigurationList = 0862103022FC03100065315E /* Build configuration list for PBXNativeTarget "Git_ios2UITests" */;
			buildPhases = (
				0862101D22FC03100065315E /* Sources */,
				0862101E22FC03100065315E /* Frameworks */,
				0862101F22FC03100065315E /* Resources */,
			);
			buildRules = (
			);
			dependencies = (
				0862102322FC03100065315E /* PBXTargetDependency */,
			);
			name = Git_ios2UITests;
			productName = Git_ios2UITests;
			productReference = 0862102122FC03100065315E /* Git_ios2UITests.xctest */;
			productType = "com.apple.product-type.bundle.ui-testing";
		};
/* End PBXNativeTarget section */

/* Begin PBXProject section */
		08620FFA22FC030F0065315E /* Project object */ = {
			isa = PBXProject;
			attributes = {
				LastSwiftUpdateCheck = 1030;
				LastUpgradeCheck = 1030;
				ORGANIZATIONNAME = "Nura-ainee Yako";
				TargetAttributes = {
					0862100122FC030F0065315E = {
						CreatedOnToolsVersion = 10.3;
					};
					0862101522FC03100065315E = {
						CreatedOnToolsVersion = 10.3;
						TestTargetID = 0862100122FC030F0065315E;
					};
					0862102022FC03100065315E = {
						CreatedOnToolsVersion = 10.3;
						TestTargetID = 0862100122FC030F0065315E;
					};
				};
			};
			buildConfigurationList = 08620FFD22FC030F0065315E /* Build configuration list for PBXProject "Git_ios2" */;
			compatibilityVersion = "Xcode 9.3";
			developmentRegion = en;
			hasScannedForEncodings = 0;
			knownRegions = (
				en,
				Base,
			);
			mainGroup = 08620FF922FC030F0065315E;
			productRefGroup = 0862100322FC030F0065315E /* Products */;
			projectDirPath = "";
			projectRoot = "";
			targets = (
				0862100122FC030F0065315E /* Git_ios2 */,
				0862101522FC03100065315E /* Git_ios2Tests */,
				0862102022FC03100065315E /* Git_ios2UITests */,
			);
		};
/* End PBXProject section */

/* Begin PBXResourcesBuildPhase section */
		0862100022FC030F0065315E /* Resources */ = {
			isa = PBXResourcesBuildPhase;
			buildActionMask = 2147483647;
			files = (
				0862101022FC03100065315E /* LaunchScreen.storyboard in Resources */,
				0862100D22FC03100065315E /* Assets.xcassets in Resources */,
				0862100B22FC030F0065315E /* Main.storyboard in Resources */,
			);
			runOnlyForDeploymentPostprocessing = 0;
		};
		0862101422FC03100065315E /* Resources */ = {
			isa = PBXResourcesBuildPhase;
			buildActionMask = 2147483647;
			files = (
			);
			runOnlyForDeploymentPostprocessing = 0;
		};
		0862101F22FC03100065315E /* Resources */ = {
			isa = PBXResourcesBuildPhase;
			buildActionMask = 2147483647;
			files = (
			);
			runOnlyForDeploymentPostprocessing = 0;
		};
/* End PBXResourcesBuildPhase section */

/* Begin PBXSourcesBuildPhase section */
		08620FFE22FC030F0065315E /* Sources */ = {
			isa = PBXSourcesBuildPhase;
			buildActionMask = 2147483647;
			files = (
				0862100822FC030F0065315E /* ViewController.swift in Sources */,
				0862100622FC030F0065315E /* AppDelegate.swift in Sources */,
			);
			runOnlyForDeploymentPostprocessing = 0;
		};
		0862101222FC03100065315E /* Sources */ = {
			isa = PBXSourcesBuildPhase;
			buildActionMask = 2147483647;
			files = (
				0862101B22FC03100065315E /* Git_ios2Tests.swift in Sources */,
			);
			runOnlyForDeploymentPostprocessing = 0;
		};
		0862101D22FC03100065315E /* Sources */ = {
			isa = PBXSourcesBuildPhase;
			buildActionMask = 2147483647;
			files = (
				0862102622FC03100065315E /* Git_ios2UITests.swift in Sources */,
			);
			runOnlyForDeploymentPostprocessing = 0;
		};
/* End PBXSourcesBuildPhase section */

/* Begin PBXTargetDependency section */
		0862101822FC03100065315E /* PBXTargetDependency */ = {
			isa = PBXTargetDependency;
			target = 0862100122FC030F0065315E /* Git_ios2 */;
			targetProxy = 0862101722FC03100065315E /* PBXContainerItemProxy */;
		};
		0862102322FC03100065315E /* PBXTargetDependency */ = {
			isa = PBXTargetDependency;
			target = 0862100122FC030F0065315E /* Git_ios2 */;
			targetProxy = 0862102222FC03100065315E /* PBXContainerItemProxy */;
		};
/* End PBXTargetDependency section */

/* Begin PBXVariantGroup section */
		0862100922FC030F0065315E /* Main.storyboard */ = {
			isa = PBXVariantGroup;
			children = (
				0862100A22FC030F0065315E /* Base */,
			);
			name = Main.storyboard;
			sourceTree = "<group>";
		};
		0862100E22FC03100065315E /* LaunchScreen.storyboard */ = {
			isa = PBXVariantGroup;
			children = (
				0862100F22FC03100065315E /* Base */,
			);
			name = LaunchScreen.storyboard;
			sourceTree = "<group>";
		};
/* End PBXVariantGroup section */

/* Begin XCBuildConfiguration section */
		0862102822FC03100065315E /* Debug */ = {
			isa = XCBuildConfiguration;
			buildSettings = {
				ALWAYS_SEARCH_USER_PATHS = NO;
				CLANG_ANALYZER_NONNULL = YES;
				CLANG_ANALYZER_NUMBER_OBJECT_CONVERSION = YES_AGGRESSIVE;
				CLANG_CXX_LANGUAGE_STANDARD = "gnu++14";
				CLANG_CXX_LIBRARY = "libc++";
				CLANG_ENABLE_MODULES = YES;
				CLANG_ENABLE_OBJC_ARC = YES;
				CLANG_ENABLE_OBJC_WEAK = YES;
				CLANG_WARN_BLOCK_CAPTURE_AUTORELEASING = YES;
				CLANG_WARN_BOOL_CONVERSION = YES;
				CLANG_WARN_COMMA = YES;
				CLANG_WARN_CONSTANT_CONVERSION = YES;
				CLANG_WARN_DEPRECATED_OBJC_IMPLEMENTATIONS = YES;
				CLANG_WARN_DIRECT_OBJC_ISA_USAGE = YES_ERROR;
				CLANG_WARN_DOCUMENTATION_COMMENTS = YES;
				CLANG_WARN_EMPTY_BODY = YES;
				CLANG_WARN_ENUM_CONVERSION = YES;
				CLANG_WARN_INFINITE_RECURSION = YES;
				CLANG_WARN_INT_CONVERSION = YES;
				CLANG_WARN_NON_LITERAL_NULL_CONVERSION = YES;
				CLANG_WARN_OBJC_IMPLICIT_RETAIN_SELF = YES;
				CLANG_WARN_OBJC_LITERAL_CONVERSION = YES;
				CLANG_WARN_OBJC_ROOT_CLASS = YES_ERROR;
				CLANG_WARN_RANGE_LOOP_ANALYSIS = YES;
				CLANG_WARN_STRICT_PROTOTYPES = YES;
				CLANG_WARN_SUSPICIOUS_MOVE = YES;
				CLANG_WARN_UNGUARDED_AVAILABILITY = YES_AGGRESSIVE;
				CLANG_WARN_UNREACHABLE_CODE = YES;
				CLANG_WARN__DUPLICATE_METHOD_MATCH = YES;
				CODE_SIGN_IDENTITY = "iPhone Developer";
				COPY_PHASE_STRIP = NO;
				DEBUG_INFORMATION_FORMAT = dwarf;
				ENABLE_STRICT_OBJC_MSGSEND = YES;
				ENABLE_TESTABILITY = YES;
				GCC_C_LANGUAGE_STANDARD = gnu11;
				GCC_DYNAMIC_NO_PIC = NO;
				GCC_NO_COMMON_BLOCKS = YES;
				GCC_OPTIMIZATION_LEVEL = 0;
				GCC_PREPROCESSOR_DEFINITIONS = (
					"DEBUG=1",
					"$(inherited)",
				);
				GCC_WARN_64_TO_32_BIT_CONVERSION = YES;
				GCC_WARN_ABOUT_RETURN_TYPE = YES_ERROR;
				GCC_WARN_UNDECLARED_SELECTOR = YES;
				GCC_WARN_UNINITIALIZED_AUTOS = YES_AGGRESSIVE;
				GCC_WARN_UNUSED_FUNCTION = YES;
				GCC_WARN_UNUSED_VARIABLE = YES;
				IPHONEOS_DEPLOYMENT_TARGET = 12.4;
				MTL_ENABLE_DEBUG_INFO = INCLUDE_SOURCE;
				MTL_FAST_MATH = YES;
				ONLY_ACTIVE_ARCH = YES;
				SDKROOT = iphoneos;
				SWIFT_ACTIVE_COMPILATION_CONDITIONS = DEBUG;
				SWIFT_OPTIMIZATION_LEVEL = "-Onone";
			};
			name = Debug;
		};
		0862102922FC03100065315E /* Release */ = {
			isa = XCBuildConfiguration;
			buildSettings = {
				ALWAYS_SEARCH_USER_PATHS = NO;
				CLANG_ANALYZER_NONNULL = YES;
				CLANG_ANALYZER_NUMBER_OBJECT_CONVERSION = YES_AGGRESSIVE;
				CLANG_CXX_LANGUAGE_STANDARD = "gnu++14";
				CLANG_CXX_LIBRARY = "libc++";
				CLANG_ENABLE_MODULES = YES;
				CLANG_ENABLE_OBJC_ARC = YES;
				CLANG_ENABLE_OBJC_WEAK = YES;
				CLANG_WARN_BLOCK_CAPTURE_AUTORELEASING = YES;
				CLANG_WARN_BOOL_CONVERSION = YES;
				CLANG_WARN_COMMA = YES;
				CLANG_WARN_CONSTANT_CONVERSION = YES;
				CLANG_WARN_DEPRECATED_OBJC_IMPLEMENTATIONS = YES;
				CLANG_WARN_DIRECT_OBJC_ISA_USAGE = YES_ERROR;
				CLANG_WARN_DOCUMENTATION_COMMENTS = YES;
				CLANG_WARN_EMPTY_BODY = YES;
				CLANG_WARN_ENUM_CONVERSION = YES;
				CLANG_WARN_INFINITE_RECURSION = YES;
				CLANG_WARN_INT_CONVERSION = YES;
				CLANG_WARN_NON_LITERAL_NULL_CONVERSION = YES;
				CLANG_WARN_OBJC_IMPLICIT_RETAIN_SELF = YES;
				CLANG_WARN_OBJC_LITERAL_CONVERSION = YES;
				CLANG_WARN_OBJC_ROOT_CLASS = YES_ERROR;
				CLANG_WARN_RANGE_LOOP_ANALYSIS = YES;
				CLANG_WARN_STRICT_PROTOTYPES = YES;
				CLANG_WARN_SUSPICIOUS_MOVE = YES;
				CLANG_WARN_UNGUARDED_AVAILABILITY = YES_AGGRESSIVE;
				CLANG_WARN_UNREACHABLE_CODE = YES;
				CLANG_WARN__DUPLICATE_METHOD_MATCH = YES;
				CODE_SIGN_IDENTITY = "iPhone Developer";
				COPY_PHASE_STRIP = NO;
				DEBUG_INFORMATION_FORMAT = "dwarf-with-dsym";
				ENABLE_NS_ASSERTIONS = NO;
				ENABLE_STRICT_OBJC_MSGSEND = YES;
				GCC_C_LANGUAGE_STANDARD = gnu11;
				GCC_NO_COMMON_BLOCKS = YES;
				GCC_WARN_64_TO_32_BIT_CONVERSION = YES;
				GCC_WARN_ABOUT_RETURN_TYPE = YES_ERROR;
				GCC_WARN_UNDECLARED_SELECTOR = YES;
				GCC_WARN_UNINITIALIZED_AUTOS = YES_AGGRESSIVE;
				GCC_WARN_UNUSED_FUNCTION = YES;
				GCC_WARN_UNUSED_VARIABLE = YES;
				IPHONEOS_DEPLOYMENT_TARGET = 12.4;
				MTL_ENABLE_DEBUG_INFO = NO;
				MTL_FAST_MATH = YES;
				SDKROOT = iphoneos;
				SWIFT_COMPILATION_MODE = wholemodule;
				SWIFT_OPTIMIZATION_LEVEL = "-O";
				VALIDATE_PRODUCT = YES;
			};
			name = Release;
		};
		0862102B22FC03100065315E /* Debug */ = {
			isa = XCBuildConfiguration;
			buildSettings = {
				ASSETCATALOG_COMPILER_APPICON_NAME = AppIcon;
				CODE_SIGN_STYLE = Automatic;
				INFOPLIST_FILE = Git_ios2/Info.plist;
				LD_RUNPATH_SEARCH_PATHS = (
					"$(inherited)",
					"@executable_path/Frameworks",
				);
				PRODUCT_BUNDLE_IDENTIFIER = "pngzfoo.Git-ios2";
				PRODUCT_NAME = "$(TARGET_NAME)";
				SWIFT_VERSION = 5.0;
				TARGETED_DEVICE_FAMILY = "1,2";
			};
			name = Debug;
		};
		0862102C22FC03100065315E /* Release */ = {
			isa = XCBuildConfiguration;
			buildSettings = {
				ASSETCATALOG_COMPILER_APPICON_NAME = AppIcon;
				CODE_SIGN_STYLE = Automatic;
				INFOPLIST_FILE = Git_ios2/Info.plist;
				LD_RUNPATH_SEARCH_PATHS = (
					"$(inherited)",
					"@executable_path/Frameworks",
				);
				PRODUCT_BUNDLE_IDENTIFIER = "pngzfoo.Git-ios2";
				PRODUCT_NAME = "$(TARGET_NAME)";
				SWIFT_VERSION = 5.0;
				TARGETED_DEVICE_FAMILY = "1,2";
			};
			name = Release;
		};
		0862102E22FC03100065315E /* Debug */ = {
			isa = XCBuildConfiguration;
			buildSettings = {
				ALWAYS_EMBED_SWIFT_STANDARD_LIBRARIES = YES;
				BUNDLE_LOADER = "$(TEST_HOST)";
				CODE_SIGN_STYLE = Automatic;
				INFOPLIST_FILE = Git_ios2Tests/Info.plist;
				LD_RUNPATH_SEARCH_PATHS = (
					"$(inherited)",
					"@executable_path/Frameworks",
					"@loader_path/Frameworks",
				);
				PRODUCT_BUNDLE_IDENTIFIER = "pngzfoo.Git-ios2Tests";
				PRODUCT_NAME = "$(TARGET_NAME)";
				SWIFT_VERSION = 5.0;
				TARGETED_DEVICE_FAMILY = "1,2";
				TEST_HOST = "$(BUILT_PRODUCTS_DIR)/Git_ios2.app/Git_ios2";
			};
			name = Debug;
		};
		0862102F22FC03100065315E /* Release */ = {
			isa = XCBuildConfiguration;
			buildSettings = {
				ALWAYS_EMBED_SWIFT_STANDARD_LIBRARIES = YES;
				BUNDLE_LOADER = "$(TEST_HOST)";
				CODE_SIGN_STYLE = Automatic;
				INFOPLIST_FILE = Git_ios2Tests/Info.plist;
				LD_RUNPATH_SEARCH_PATHS = (
					"$(inherited)",
					"@executable_path/Frameworks",
					"@loader_path/Frameworks",
				);
				PRODUCT_BUNDLE_IDENTIFIER = "pngzfoo.Git-ios2Tests";
				PRODUCT_NAME = "$(TARGET_NAME)";
				SWIFT_VERSION = 5.0;
				TARGETED_DEVICE_FAMILY = "1,2";
				TEST_HOST = "$(BUILT_PRODUCTS_DIR)/Git_ios2.app/Git_ios2";
			};
			name = Release;
		};
		0862103122FC03100065315E /* Debug */ = {
			isa = XCBuildConfiguration;
			buildSettings = {
				ALWAYS_EMBED_SWIFT_STANDARD_LIBRARIES = YES;
				CODE_SIGN_STYLE = Automatic;
				INFOPLIST_FILE = Git_ios2UITests/Info.plist;
				LD_RUNPATH_SEARCH_PATHS = (
					"$(inherited)",
					"@executable_path/Frameworks",
					"@loader_path/Frameworks",
				);
				PRODUCT_BUNDLE_IDENTIFIER = "pngzfoo.Git-ios2UITests";
				PRODUCT_NAME = "$(TARGET_NAME)";
				SWIFT_VERSION = 5.0;
				TARGETED_DEVICE_FAMILY = "1,2";
				TEST_TARGET_NAME = Git_ios2;
			};
			name = Debug;
		};
		0862103222FC03100065315E /* Release */ = {
			isa = XCBuildConfiguration;
			buildSettings = {
				ALWAYS_EMBED_SWIFT_STANDARD_LIBRARIES = YES;
				CODE_SIGN_STYLE = Automatic;
				INFOPLIST_FILE = Git_ios2UITests/Info.plist;
				LD_RUNPATH_SEARCH_PATHS = (
					"$(inherited)",
					"@executable_path/Frameworks",
					"@loader_path/Frameworks",
				);
				PRODUCT_BUNDLE_IDENTIFIER = "pngzfoo.Git-ios2UITests";
				PRODUCT_NAME = "$(TARGET_NAME)";
				SWIFT_VERSION = 5.0;
				TARGETED_DEVICE_FAMILY = "1,2";
				TEST_TARGET_NAME = Git_ios2;
			};
			name = Release;
		};
/* End XCBuildConfiguration section */

/* Begin XCConfigurationList section */
		08620FFD22FC030F0065315E /* Build configuration list for PBXProject "Git_ios2" */ = {
			isa = XCConfigurationList;
			buildConfigurations = (
				0862102822FC03100065315E /* Debug */,
				0862102922FC03100065315E /* Release */,
			);
			defaultConfigurationIsVisible = 0;
			defaultConfigurationName = Release;
		};
		0862102A22FC03100065315E /* Build configuration list for PBXNativeTarget "Git_ios2" */ = {
			isa = XCConfigurationList;
			buildConfigurations = (
				0862102B22FC03100065315E /* Debug */,
				0862102C22FC03100065315E /* Release */,
			);
			defaultConfigurationIsVisible = 0;
			defaultConfigurationName = Release;
		};
		0862102D22FC03100065315E /* Build configuration list for PBXNativeTarget "Git_ios2Tests" */ = {
			isa = XCConfigurationList;
			buildConfigurations = (
				0862102E22FC03100065315E /* Debug */,
				0862102F22FC03100065315E /* Release */,
			);
			defaultConfigurationIsVisible = 0;
			defaultConfigurationName = Release;
		};
		0862103022FC03100065315E /* Build configuration list for PBXNativeTarget "Git_ios2UITests" */ = {
			isa = XCConfigurationList;
			buildConfigurations = (
				0862103122FC03100065315E /* Debug */,
				0862103222FC03100065315E /* Release */,
			);
			defaultConfigurationIsVisible = 0;
			defaultConfigurationName = Release;
		};
/* End XCConfigurationList section */
	};
	rootObject = 08620FFA22FC030F0065315E /* Project object */;
}
